
Microsoft Visual Studio Solution File, Format Version 12.00
# Visual Studio Version 17
VisualStudioVersion = 17.9.34622.214
MinimumVisualStudioVersion = 10.0.40219.1
Project("{9A19103F-16F7-4668-BE54-9A1E7A4F7556}") = "CartinhasSempreCrianca.Domain", "CartinhasSempreCrianca.Domain\CartinhasSempreCrianca.Domain.csproj", "{E1FA494C-A228-490A-8E6B-7AC43492C4D7}"
EndProject
Project("{FAE04EC0-301F-11D3-BF4B-00C04F79EFBC}") = "CartinhasSempreCrianca.Tests", "CartinhasSempreCrianca.Tests\CartinhasSempreCrianca.Tests.csproj", "{46C17C35-5E13-40A2-93DB-1226C715B0D9}"
EndProject
Global
	GlobalSection(SolutionConfigurationPlatforms) = preSolution
		Debug|Any CPU = Debug|Any CPU
		Release|Any CPU = Release|Any CPU
	EndGlobalSection
	GlobalSection(ProjectConfigurationPlatforms) = postSolution
		{E1FA494C-A228-490A-8E6B-7AC43492C4D7}.Debug|Any CPU.ActiveCfg = Debug|Any CPU
		{E1FA494C-A228-490A-8E6B-7AC43492C4D7}.Debug|Any CPU.Build.0 = Debug|Any CPU
		{E1FA494C-A228-490A-8E6B-7AC43492C4D7}.Release|Any CPU.ActiveCfg = Release|Any CPU
		{E1FA494C-A228-490A-8E6B-7AC43492C4D7}.Release|Any CPU.Build.0 = Release|Any CPU
		{46C17C35-5E13-40A2-93DB-1226C715B0D9}.Debug|Any CPU.ActiveCfg = Debug|Any CPU
		{46C17C35-5E13-40A2-93DB-1226C715B0D9}.Debug|Any CPU.Build.0 = Debug|Any CPU
		{46C17C35-5E13-40A2-93DB-1226C715B0D9}.Release|Any CPU.ActiveCfg = Release|Any CPU
		{46C17C35-5E13-40A2-93DB-1226C715B0D9}.Release|Any CPU.Build.0 = Release|Any CPU
	EndGlobalSection
	GlobalSection(SolutionProperties) = preSolution
		HideSolutionNode = FALSE
	EndGlobalSection
	GlobalSection(ExtensibilityGlobals) = postSolution
		SolutionGuid = {E5C6F0EC-15DD-4062-96C8-98E2C124AA9D}
	EndGlobalSection
EndGlobal
